{
  "name": "mohan",
  "version": "1.0.0",
  "lockfileVersion": 2,
  "requires": true,
  "packages": {
    "": {
      "name": "mohan",
      "version": "1.0.0",
      "license": "ISC",
      "dependencies": {
        "fcm-push": "^1.1.3",
        "moment": "^2.29.3",
        "node-cron": "^3.0.1",
        "nodemailer": "^6.7.6",
        "uuid": "^8.3.2"
      }
    },
    "node_modules/bluebird": {
      "version": "3.7.2",
      "resolved": "https://registry.npmjs.org/bluebird/-/bluebird-3.7.2.tgz",
      "integrity": "sha512-XpNj6GDQzdfW+r2Wnn7xiSAd7TM3jzkxGXBGTtWKuSXv1xUV+azxAm8jdWZN06QTQk+2N2XB9jRDkvbmQmcRtg=="
    },
    "node_modules/fcm-push": {
      "version": "1.1.3",
      "resolved": "https://registry.npmjs.org/fcm-push/-/fcm-push-1.1.3.tgz",
      "integrity": "sha512-IgyNMlqgWVcHsUzNNWivBf0YFWuNbK4MkcWTMMmzlD92pB4IqiLDzVlCETjVIufbYtHtMflKinKQbxXBDgMFGw==",
      "dependencies": {
        "bluebird": "^3.4.1",
        "retry": "^0.9.0"
      }
    },
    "node_modules/moment": {
      "version": "2.29.3",
      "resolved": "https://registry.npmjs.org/moment/-/moment-2.29.3.tgz",
      "integrity": "sha512-c6YRvhEo//6T2Jz/vVtYzqBzwvPT95JBQ+smCytzf7c50oMZRsR/a4w88aD34I+/QVSfnoAnSBFPJHItlOMJVw==",
      "engines": {
        "node": "*"
      }
    },
    "node_modules/node-cron": {
      "version": "3.0.1",
      "resolved": "https://registry.npmjs.org/node-cron/-/node-cron-3.0.1.tgz",
      "integrity": "sha512-RAWZTNn2M5KDIUV/389UX0EXsqvdFAwc9QwHQceh0Ga56dygqSRthqIjwpgZsoDspHGt2rkHdk9Z4RgfPMdALw==",
      "engines": {
        "node": ">=6.0.0"
      }
    },
    "node_modules/nodemailer": {
      "version": "6.7.6",
      "resolved": "https://registry.npmjs.org/nodemailer/-/nodemailer-6.7.6.tgz",
      "integrity": "sha512-/6KF/umU7r7X21Y648/yiRLrgkfz0dmpyuo4BfgYWIpnT/jCbkPTvegMfxCsDAu+O810p2L1BGXieMTPp3nJVA==",
      "engines": {
        "node": ">=6.0.0"
      }
    },
    "node_modules/retry": {
      "version": "0.9.0",
      "resolved": "https://registry.npmjs.org/retry/-/retry-0.9.0.tgz",
      "integrity": "sha512-bkzdIZ5Xyim12j0jq6CQAHpfdsa2VqieWF6eN8vT2MXxCxLAZhgVUyu5EEMevJyXML+XWTxVbZ7mLaKx5F/DZw==",
      "engines": {
        "node": "*"
      }
    },
    "node_modules/uuid": {
      "version": "8.3.2",
      "resolved": "https://registry.npmjs.org/uuid/-/uuid-8.3.2.tgz",
      "integrity": "sha512-+NYs2QeMWy+GWFOEm9xnn6HCDp0l7QBD7ml8zLUmJ+93Q5NF0NocErnwkTkXVFNiX3/fpC6afS8Dhb/gz7R7eg==",
      "bin": {
        "uuid": "dist/bin/uuid"
      }
    }
  },
  "dependencies": {
    "bluebird": {
      "version": "3.7.2",
      "resolved": "https://registry.npmjs.org/bluebird/-/bluebird-3.7.2.tgz",
      "integrity": "sha512-XpNj6GDQzdfW+r2Wnn7xiSAd7TM3jzkxGXBGTtWKuSXv1xUV+azxAm8jdWZN06QTQk+2N2XB9jRDkvbmQmcRtg=="
    },
    "fcm-push": {
      "version": "1.1.3",
      "resolved": "https://registry.npmjs.org/fcm-push/-/fcm-push-1.1.3.tgz",
      "integrity": "sha512-IgyNMlqgWVcHsUzNNWivBf0YFWuNbK4MkcWTMMmzlD92pB4IqiLDzVlCETjVIufbYtHtMflKinKQbxXBDgMFGw==",
      "requires": {
        "bluebird": "^3.4.1",
        "retry": "^0.9.0"
      }
    },
    "moment": {
      "version": "2.29.3",
      "resolved": "https://registry.npmjs.org/moment/-/moment-2.29.3.tgz",
      "integrity": "sha512-c6YRvhEo//6T2Jz/vVtYzqBzwvPT95JBQ+smCytzf7c50oMZRsR/a4w88aD34I+/QVSfnoAnSBFPJHItlOMJVw=="
    },
    "node-cron": {
      "version": "3.0.1",
      "resolved": "https://registry.npmjs.org/node-cron/-/node-cron-3.0.1.tgz",
      "integrity": "sha512-RAWZTNn2M5KDIUV/389UX0EXsqvdFAwc9QwHQceh0Ga56dygqSRthqIjwpgZsoDspHGt2rkHdk9Z4RgfPMdALw=="
    },
    "nodemailer": {
      "version": "6.7.6",
      "resolved": "https://registry.npmjs.org/nodemailer/-/nodemailer-6.7.6.tgz",
      "integrity": "sha512-/6KF/umU7r7X21Y648/yiRLrgkfz0dmpyuo4BfgYWIpnT/jCbkPTvegMfxCsDAu+O810p2L1BGXieMTPp3nJVA=="
    },
    "retry": {
      "version": "0.9.0",
      "resolved": "https://registry.npmjs.org/retry/-/retry-0.9.0.tgz",
      "integrity": "sha512-bkzdIZ5Xyim12j0jq6CQAHpfdsa2VqieWF6eN8vT2MXxCxLAZhgVUyu5EEMevJyXML+XWTxVbZ7mLaKx5F/DZw=="
    },
    "uuid": {
      "version": "8.3.2",
      "resolved": "https://registry.npmjs.org/uuid/-/uuid-8.3.2.tgz",
      "integrity": "sha512-+NYs2QeMWy+GWFOEm9xnn6HCDp0l7QBD7ml8zLUmJ+93Q5NF0NocErnwkTkXVFNiX3/fpC6afS8Dhb/gz7R7eg=="
    }
  }
}
